
Microsoft Visual Studio Solution File, Format Version 12.00
# Visual Studio Version 16
VisualStudioVersion = 16.0.29609.76
MinimumVisualStudioVersion = 10.0.40219.1
Project("{8BC9CEB8-8B4A-11D0-8D11-00A0C91BC942}") = "Singly Linked List (Templatized)", "Singly Linked List (Templatized)\Singly Linked List (Templatized).vcxproj", "{D262CED2-DAAC-4C48-8032-FBA63E10C3C2}"
EndProject
Project("{8BC9CEB8-8B4A-11D0-8D11-00A0C91BC942}") = "Test-1", "Test-1\Test-1.vcxproj", "{D16319C1-644F-4D4D-B363-C5EE78826D40}"
EndProject
Global
	GlobalSection(SolutionConfigurationPlatforms) = preSolution
		Debug|x64 = Debug|x64
		Debug|x86 = Debug|x86
		Release|x64 = Release|x64
		Release|x86 = Release|x86
	EndGlobalSection
	GlobalSection(ProjectConfigurationPlatforms) = postSolution
		{D262CED2-DAAC-4C48-8032-FBA63E10C3C2}.Debug|x64.ActiveCfg = Debug|x64
		{D262CED2-DAAC-4C48-8032-FBA63E10C3C2}.Debug|x64.Build.0 = Debug|x64
		{D262CED2-DAAC-4C48-8032-FBA63E10C3C2}.Debug|x86.ActiveCfg = Debug|Win32
		{D262CED2-DAAC-4C48-8032-FBA63E10C3C2}.Debug|x86.Build.0 = Debug|Win32
		{D262CED2-DAAC-4C48-8032-FBA63E10C3C2}.Release|x64.ActiveCfg = Release|x64
		{D262CED2-DAAC-4C48-8032-FBA63E10C3C2}.Release|x64.Build.0 = Release|x64
		{D262CED2-DAAC-4C48-8032-FBA63E10C3C2}.Release|x86.ActiveCfg = Release|Win32
		{D262CED2-DAAC-4C48-8032-FBA63E10C3C2}.Release|x86.Build.0 = Release|Win32
		{D16319C1-644F-4D4D-B363-C5EE78826D40}.Debug|x64.ActiveCfg = Debug|x64
		{D16319C1-644F-4D4D-B363-C5EE78826D40}.Debug|x64.Build.0 = Debug|x64
		{D16319C1-644F-4D4D-B363-C5EE78826D40}.Debug|x86.ActiveCfg = Debug|Win32
		{D16319C1-644F-4D4D-B363-C5EE78826D40}.Debug|x86.Build.0 = Debug|Win32
		{D16319C1-644F-4D4D-B363-C5EE78826D40}.Release|x64.ActiveCfg = Release|x64
		{D16319C1-644F-4D4D-B363-C5EE78826D40}.Release|x64.Build.0 = Release|x64
		{D16319C1-644F-4D4D-B363-C5EE78826D40}.Release|x86.ActiveCfg = Release|Win32
		{D16319C1-644F-4D4D-B363-C5EE78826D40}.Release|x86.Build.0 = Release|Win32
	EndGlobalSection
	GlobalSection(SolutionProperties) = preSolution
		HideSolutionNode = FALSE
	EndGlobalSection
	GlobalSection(ExtensibilityGlobals) = postSolution
		SolutionGuid = {68456744-EFB1-42F0-97B0-7F4C37E60E68}
	EndGlobalSection
EndGlobal
